
Microsoft Visual Studio Solution File, Format Version 12.00
# Visual Studio Version 17
VisualStudioVersion = 17.11.35111.106
MinimumVisualStudioVersion = 10.0.40219.1
Project("{FAE04EC0-301F-11D3-BF4B-00C04F79EFBC}") = "HandsOnCQRS", "HandsOnCQRS.csproj", "{97008F00-D52A-445B-AD18-94AE1EEB3FB9}"
EndProject
Global
	GlobalSection(SolutionConfigurationPlatforms) = preSolution
		Debug|Any CPU = Debug|Any CPU
		Release|Any CPU = Release|Any CPU
	EndGlobalSection
	GlobalSection(ProjectConfigurationPlatforms) = postSolution
		{97008F00-D52A-445B-AD18-94AE1EEB3FB9}.Debug|Any CPU.ActiveCfg = Debug|Any CPU
		{97008F00-D52A-445B-AD18-94AE1EEB3FB9}.Debug|Any CPU.Build.0 = Debug|Any CPU
		{97008F00-D52A-445B-AD18-94AE1EEB3FB9}.Release|Any CPU.ActiveCfg = Release|Any CPU
		{97008F00-D52A-445B-AD18-94AE1EEB3FB9}.Release|Any CPU.Build.0 = Release|Any CPU
	EndGlobalSection
	GlobalSection(SolutionProperties) = preSolution
		HideSolutionNode = FALSE
	EndGlobalSection
	GlobalSection(ExtensibilityGlobals) = postSolution
		SolutionGuid = {379D4D16-2E5C-41CD-B374-11FA634B0DA6}
	EndGlobalSection
EndGlobal
